
Microsoft Visual Studio Solution File, Format Version 12.00
# Visual Studio Version 16
VisualStudioVersion = 16.0.30225.117
MinimumVisualStudioVersion = 10.0.40219.1
Project("{FAE04EC0-301F-11D3-BF4B-00C04F79EFBC}") = "EX 1A Kenneth ingram", "EX 1A Kenneth ingram\EX 1A Kenneth ingram.csproj", "{8AB351A0-0404-4529-8586-5D38B5AA0FEC}"
EndProject
Global
	GlobalSection(SolutionConfigurationPlatforms) = preSolution
		Debug|Any CPU = Debug|Any CPU
		Release|Any CPU = Release|Any CPU
	EndGlobalSection
	GlobalSection(ProjectConfigurationPlatforms) = postSolution
		{8AB351A0-0404-4529-8586-5D38B5AA0FEC}.Debug|Any CPU.ActiveCfg = Debug|Any CPU
		{8AB351A0-0404-4529-8586-5D38B5AA0FEC}.Debug|Any CPU.Build.0 = Debug|Any CPU
		{8AB351A0-0404-4529-8586-5D38B5AA0FEC}.Release|Any CPU.ActiveCfg = Release|Any CPU
		{8AB351A0-0404-4529-8586-5D38B5AA0FEC}.Release|Any CPU.Build.0 = Release|Any CPU
	EndGlobalSection
	GlobalSection(SolutionProperties) = preSolution
		HideSolutionNode = FALSE
	EndGlobalSection
	GlobalSection(ExtensibilityGlobals) = postSolution
		SolutionGuid = {46A0D13A-798E-41DA-8A60-0D986CADFD66}
	EndGlobalSection
EndGlobal
